
Microsoft Visual Studio Solution File, Format Version 12.00
# Visual Studio Version 17
VisualStudioVersion = 17.1.32319.34
MinimumVisualStudioVersion = 10.0.40219.1
Project("{FAE04EC0-301F-11D3-BF4B-00C04F79EFBC}") = "Ex1", "Ex1\Ex1.csproj", "{F5024144-1259-4024-8190-0DA9FAE9B477}"
EndProject
Global
	GlobalSection(SolutionConfigurationPlatforms) = preSolution
		Debug|Any CPU = Debug|Any CPU
		Release|Any CPU = Release|Any CPU
	EndGlobalSection
	GlobalSection(ProjectConfigurationPlatforms) = postSolution
		{F5024144-1259-4024-8190-0DA9FAE9B477}.Debug|Any CPU.ActiveCfg = Debug|Any CPU
		{F5024144-1259-4024-8190-0DA9FAE9B477}.Debug|Any CPU.Build.0 = Debug|Any CPU
		{F5024144-1259-4024-8190-0DA9FAE9B477}.Release|Any CPU.ActiveCfg = Release|Any CPU
		{F5024144-1259-4024-8190-0DA9FAE9B477}.Release|Any CPU.Build.0 = Release|Any CPU
	EndGlobalSection
	GlobalSection(SolutionProperties) = preSolution
		HideSolutionNode = FALSE
	EndGlobalSection
	GlobalSection(ExtensibilityGlobals) = postSolution
		SolutionGuid = {1924F913-AB6F-4D06-990D-557D496615A5}
	EndGlobalSection
EndGlobal
