
Microsoft Visual Studio Solution File, Format Version 12.00
# Visual Studio Version 17
VisualStudioVersion = 17.1.32210.238
MinimumVisualStudioVersion = 10.0.40219.1
Project("{FAE04EC0-301F-11D3-BF4B-00C04F79EFBC}") = "Ex10", "Ex10\Ex10.csproj", "{1BB217E7-C8A1-4DE1-8974-026301FB0FBD}"
EndProject
Global
	GlobalSection(SolutionConfigurationPlatforms) = preSolution
		Debug|Any CPU = Debug|Any CPU
		Release|Any CPU = Release|Any CPU
	EndGlobalSection
	GlobalSection(ProjectConfigurationPlatforms) = postSolution
		{1BB217E7-C8A1-4DE1-8974-026301FB0FBD}.Debug|Any CPU.ActiveCfg = Debug|Any CPU
		{1BB217E7-C8A1-4DE1-8974-026301FB0FBD}.Debug|Any CPU.Build.0 = Debug|Any CPU
		{1BB217E7-C8A1-4DE1-8974-026301FB0FBD}.Release|Any CPU.ActiveCfg = Release|Any CPU
		{1BB217E7-C8A1-4DE1-8974-026301FB0FBD}.Release|Any CPU.Build.0 = Release|Any CPU
	EndGlobalSection
	GlobalSection(SolutionProperties) = preSolution
		HideSolutionNode = FALSE
	EndGlobalSection
	GlobalSection(ExtensibilityGlobals) = postSolution
		SolutionGuid = {DE07EC39-7D3A-4181-A97F-48C36EDF8C8F}
	EndGlobalSection
EndGlobal
